
Microsoft Visual Studio Solution File, Format Version 12.00
# Visual Studio Version 16
VisualStudioVersion = 16.0.32929.386
MinimumVisualStudioVersion = 10.0.40219.1
Project("{FAE04EC0-301F-11D3-BF4B-00C04F79EFBC}") = "DailyReport", "DailyReport\DailyReport.csproj", "{DE8CF990-2267-4B87-9415-27A6EE5D5832}"
EndProject
Global
	GlobalSection(SolutionConfigurationPlatforms) = preSolution
		Debug|Any CPU = Debug|Any CPU
		Release|Any CPU = Release|Any CPU
	EndGlobalSection
	GlobalSection(ProjectConfigurationPlatforms) = postSolution
		{DE8CF990-2267-4B87-9415-27A6EE5D5832}.Debug|Any CPU.ActiveCfg = Debug|Any CPU
		{DE8CF990-2267-4B87-9415-27A6EE5D5832}.Debug|Any CPU.Build.0 = Debug|Any CPU
		{DE8CF990-2267-4B87-9415-27A6EE5D5832}.Release|Any CPU.ActiveCfg = Release|Any CPU
		{DE8CF990-2267-4B87-9415-27A6EE5D5832}.Release|Any CPU.Build.0 = Release|Any CPU
	EndGlobalSection
	GlobalSection(SolutionProperties) = preSolution
		HideSolutionNode = FALSE
	EndGlobalSection
	GlobalSection(ExtensibilityGlobals) = postSolution
		SolutionGuid = {45642A19-B574-4389-9E7A-7AF1E8EAC5C6}
	EndGlobalSection
EndGlobal
