
Microsoft Visual Studio Solution File, Format Version 12.00
# Visual Studio Version 16
VisualStudioVersion = 16.0.32929.386
MinimumVisualStudioVersion = 10.0.40219.1
Project("{FAE04EC0-301F-11D3-BF4B-00C04F79EFBC}") = "MethodClassSubmissionAssignment", "MethodClassSubmissionAssignment\MethodClassSubmissionAssignment.csproj", "{29A6AC86-31C0-4D0E-A325-FD9C9397D80A}"
EndProject
Global
	GlobalSection(SolutionConfigurationPlatforms) = preSolution
		Debug|Any CPU = Debug|Any CPU
		Release|Any CPU = Release|Any CPU
	EndGlobalSection
	GlobalSection(ProjectConfigurationPlatforms) = postSolution
		{29A6AC86-31C0-4D0E-A325-FD9C9397D80A}.Debug|Any CPU.ActiveCfg = Debug|Any CPU
		{29A6AC86-31C0-4D0E-A325-FD9C9397D80A}.Debug|Any CPU.Build.0 = Debug|Any CPU
		{29A6AC86-31C0-4D0E-A325-FD9C9397D80A}.Release|Any CPU.ActiveCfg = Release|Any CPU
		{29A6AC86-31C0-4D0E-A325-FD9C9397D80A}.Release|Any CPU.Build.0 = Release|Any CPU
	EndGlobalSection
	GlobalSection(SolutionProperties) = preSolution
		HideSolutionNode = FALSE
	EndGlobalSection
	GlobalSection(ExtensibilityGlobals) = postSolution
		SolutionGuid = {60C9687F-5AD9-4B9D-A85A-434C276BE7C3}
	EndGlobalSection
EndGlobal
