
Microsoft Visual Studio Solution File, Format Version 12.00
# Visual Studio Version 16
VisualStudioVersion = 16.0.32929.386
MinimumVisualStudioVersion = 10.0.40219.1
Project("{FAE04EC0-301F-11D3-BF4B-00C04F79EFBC}") = "CarInsurance", "CarInsurance\CarInsurance.csproj", "{B7338F1A-1D57-4EE9-B812-BCC63CC579EA}"
EndProject
Global
	GlobalSection(SolutionConfigurationPlatforms) = preSolution
		Debug|Any CPU = Debug|Any CPU
		Release|Any CPU = Release|Any CPU
	EndGlobalSection
	GlobalSection(ProjectConfigurationPlatforms) = postSolution
		{B7338F1A-1D57-4EE9-B812-BCC63CC579EA}.Debug|Any CPU.ActiveCfg = Debug|Any CPU
		{B7338F1A-1D57-4EE9-B812-BCC63CC579EA}.Debug|Any CPU.Build.0 = Debug|Any CPU
		{B7338F1A-1D57-4EE9-B812-BCC63CC579EA}.Release|Any CPU.ActiveCfg = Release|Any CPU
		{B7338F1A-1D57-4EE9-B812-BCC63CC579EA}.Release|Any CPU.Build.0 = Release|Any CPU
	EndGlobalSection
	GlobalSection(SolutionProperties) = preSolution
		HideSolutionNode = FALSE
	EndGlobalSection
	GlobalSection(ExtensibilityGlobals) = postSolution
		SolutionGuid = {AC14643A-5FC3-4776-A8EA-79BC3B8853D7}
	EndGlobalSection
EndGlobal
