
Microsoft Visual Studio Solution File, Format Version 12.00
# Visual Studio Version 16
VisualStudioVersion = 16.0.32929.386
MinimumVisualStudioVersion = 10.0.40219.1
Project("{FAE04EC0-301F-11D3-BF4B-00C04F79EFBC}") = "ClassSubmissionAssignment", "ClassSubmissionAssignment\ClassSubmissionAssignment.csproj", "{FB5C1DEC-8FD0-40F2-8152-784143516B1F}"
EndProject
Global
	GlobalSection(SolutionConfigurationPlatforms) = preSolution
		Debug|Any CPU = Debug|Any CPU
		Release|Any CPU = Release|Any CPU
	EndGlobalSection
	GlobalSection(ProjectConfigurationPlatforms) = postSolution
		{FB5C1DEC-8FD0-40F2-8152-784143516B1F}.Debug|Any CPU.ActiveCfg = Debug|Any CPU
		{FB5C1DEC-8FD0-40F2-8152-784143516B1F}.Debug|Any CPU.Build.0 = Debug|Any CPU
		{FB5C1DEC-8FD0-40F2-8152-784143516B1F}.Release|Any CPU.ActiveCfg = Release|Any CPU
		{FB5C1DEC-8FD0-40F2-8152-784143516B1F}.Release|Any CPU.Build.0 = Release|Any CPU
	EndGlobalSection
	GlobalSection(SolutionProperties) = preSolution
		HideSolutionNode = FALSE
	EndGlobalSection
	GlobalSection(ExtensibilityGlobals) = postSolution
		SolutionGuid = {63A846AA-84F0-4539-BAB6-173D1418CF93}
	EndGlobalSection
EndGlobal
