
Microsoft Visual Studio Solution File, Format Version 12.00
# Visual Studio Version 16
VisualStudioVersion = 16.0.32929.386
MinimumVisualStudioVersion = 10.0.40219.1
Project("{FAE04EC0-301F-11D3-BF4B-00C04F79EFBC}") = "TwentyOne", "TwentyOne\TwentyOne.csproj", "{1DEF42AF-B033-4572-A399-006803B3284F}"
EndProject
Project("{FAE04EC0-301F-11D3-BF4B-00C04F79EFBC}") = "Casino", "Casino\Casino.csproj", "{874C0831-FA40-44F8-B588-21F45BB76E33}"
EndProject
Global
	GlobalSection(SolutionConfigurationPlatforms) = preSolution
		Debug|Any CPU = Debug|Any CPU
		Release|Any CPU = Release|Any CPU
	EndGlobalSection
	GlobalSection(ProjectConfigurationPlatforms) = postSolution
		{1DEF42AF-B033-4572-A399-006803B3284F}.Debug|Any CPU.ActiveCfg = Debug|Any CPU
		{1DEF42AF-B033-4572-A399-006803B3284F}.Debug|Any CPU.Build.0 = Debug|Any CPU
		{1DEF42AF-B033-4572-A399-006803B3284F}.Release|Any CPU.ActiveCfg = Release|Any CPU
		{1DEF42AF-B033-4572-A399-006803B3284F}.Release|Any CPU.Build.0 = Release|Any CPU
		{874C0831-FA40-44F8-B588-21F45BB76E33}.Debug|Any CPU.ActiveCfg = Debug|Any CPU
		{874C0831-FA40-44F8-B588-21F45BB76E33}.Debug|Any CPU.Build.0 = Debug|Any CPU
		{874C0831-FA40-44F8-B588-21F45BB76E33}.Release|Any CPU.ActiveCfg = Release|Any CPU
		{874C0831-FA40-44F8-B588-21F45BB76E33}.Release|Any CPU.Build.0 = Release|Any CPU
	EndGlobalSection
	GlobalSection(SolutionProperties) = preSolution
		HideSolutionNode = FALSE
	EndGlobalSection
	GlobalSection(ExtensibilityGlobals) = postSolution
		SolutionGuid = {6C2A2C53-A3E3-4D70-9D8A-1E1FAC0A1C4B}
	EndGlobalSection
EndGlobal
