
Microsoft Visual Studio Solution File, Format Version 12.00
# Visual Studio Version 16
VisualStudioVersion = 16.0.32929.386
MinimumVisualStudioVersion = 10.0.40219.1
Project("{FAE04EC0-301F-11D3-BF4B-00C04F79EFBC}") = "NewsletterAppMVC", "NewsletterAppMVC\NewsletterAppMVC.csproj", "{909975F4-7252-411B-8046-C4950BD0BBAC}"
EndProject
Global
	GlobalSection(SolutionConfigurationPlatforms) = preSolution
		Debug|Any CPU = Debug|Any CPU
		Release|Any CPU = Release|Any CPU
	EndGlobalSection
	GlobalSection(ProjectConfigurationPlatforms) = postSolution
		{909975F4-7252-411B-8046-C4950BD0BBAC}.Debug|Any CPU.ActiveCfg = Debug|Any CPU
		{909975F4-7252-411B-8046-C4950BD0BBAC}.Debug|Any CPU.Build.0 = Debug|Any CPU
		{909975F4-7252-411B-8046-C4950BD0BBAC}.Release|Any CPU.ActiveCfg = Release|Any CPU
		{909975F4-7252-411B-8046-C4950BD0BBAC}.Release|Any CPU.Build.0 = Release|Any CPU
	EndGlobalSection
	GlobalSection(SolutionProperties) = preSolution
		HideSolutionNode = FALSE
	EndGlobalSection
	GlobalSection(ExtensibilityGlobals) = postSolution
		SolutionGuid = {A53FFFAA-7C03-4A28-B651-20A194FD26B9}
	EndGlobalSection
EndGlobal
