
Microsoft Visual Studio Solution File, Format Version 12.00
# Visual Studio Version 16
VisualStudioVersion = 16.0.32929.386
MinimumVisualStudioVersion = 10.0.40219.1
Project("{FAE04EC0-301F-11D3-BF4B-00C04F79EFBC}") = "TwentyOne21", "TwentyOne21\TwentyOne21.csproj", "{C0577419-D3CC-47D3-BFF0-41AD03E5DA68}"
EndProject
Project("{FAE04EC0-301F-11D3-BF4B-00C04F79EFBC}") = "Casino", "Casino\Casino.csproj", "{8858B1FE-35BE-44F0-B45D-65749392C85F}"
EndProject
Global
	GlobalSection(SolutionConfigurationPlatforms) = preSolution
		Debug|Any CPU = Debug|Any CPU
		Release|Any CPU = Release|Any CPU
	EndGlobalSection
	GlobalSection(ProjectConfigurationPlatforms) = postSolution
		{C0577419-D3CC-47D3-BFF0-41AD03E5DA68}.Debug|Any CPU.ActiveCfg = Debug|Any CPU
		{C0577419-D3CC-47D3-BFF0-41AD03E5DA68}.Debug|Any CPU.Build.0 = Debug|Any CPU
		{C0577419-D3CC-47D3-BFF0-41AD03E5DA68}.Release|Any CPU.ActiveCfg = Release|Any CPU
		{C0577419-D3CC-47D3-BFF0-41AD03E5DA68}.Release|Any CPU.Build.0 = Release|Any CPU
		{8858B1FE-35BE-44F0-B45D-65749392C85F}.Debug|Any CPU.ActiveCfg = Debug|Any CPU
		{8858B1FE-35BE-44F0-B45D-65749392C85F}.Debug|Any CPU.Build.0 = Debug|Any CPU
		{8858B1FE-35BE-44F0-B45D-65749392C85F}.Release|Any CPU.ActiveCfg = Release|Any CPU
		{8858B1FE-35BE-44F0-B45D-65749392C85F}.Release|Any CPU.Build.0 = Release|Any CPU
	EndGlobalSection
	GlobalSection(SolutionProperties) = preSolution
		HideSolutionNode = FALSE
	EndGlobalSection
	GlobalSection(ExtensibilityGlobals) = postSolution
		SolutionGuid = {6828DD75-BC55-4ACE-9AE6-37493566194A}
	EndGlobalSection
EndGlobal
