
Microsoft Visual Studio Solution File, Format Version 12.00
# Visual Studio Version 16
VisualStudioVersion = 16.0.32929.386
MinimumVisualStudioVersion = 10.0.40219.1
Project("{FAE04EC0-301F-11D3-BF4B-00C04F79EFBC}") = "ParametersAssignment", "ParametersAssignment\ParametersAssignment.csproj", "{DC1E69B6-CE90-4EBD-B4CB-03C8A758ABFF}"
EndProject
Global
	GlobalSection(SolutionConfigurationPlatforms) = preSolution
		Debug|Any CPU = Debug|Any CPU
		Release|Any CPU = Release|Any CPU
	EndGlobalSection
	GlobalSection(ProjectConfigurationPlatforms) = postSolution
		{DC1E69B6-CE90-4EBD-B4CB-03C8A758ABFF}.Debug|Any CPU.ActiveCfg = Debug|Any CPU
		{DC1E69B6-CE90-4EBD-B4CB-03C8A758ABFF}.Debug|Any CPU.Build.0 = Debug|Any CPU
		{DC1E69B6-CE90-4EBD-B4CB-03C8A758ABFF}.Release|Any CPU.ActiveCfg = Release|Any CPU
		{DC1E69B6-CE90-4EBD-B4CB-03C8A758ABFF}.Release|Any CPU.Build.0 = Release|Any CPU
	EndGlobalSection
	GlobalSection(SolutionProperties) = preSolution
		HideSolutionNode = FALSE
	EndGlobalSection
	GlobalSection(ExtensibilityGlobals) = postSolution
		SolutionGuid = {6D664DDF-6CB9-40A9-B032-3A21DE5DFF6B}
	EndGlobalSection
EndGlobal
